
Microsoft Visual Studio Solution File, Format Version 12.00
# Visual Studio 2013
VisualStudioVersion = 12.0.30501.0
MinimumVisualStudioVersion = 10.0.40219.1
Project("{FAE04EC0-301F-11D3-BF4B-00C04F79EFBC}") = "Markel.REMUS.DesignSystem.Web", "Markel.REMUS.DesignSystem.Web\Markel.REMUS.DesignSystem.Web.csproj", "{D94629C9-B040-4288-B2D8-76AB420552FC}"
EndProject
Project("{2150E333-8FDC-42A3-9474-1A3956D46DE8}") = "Solution Items", "Solution Items", "{29246634-C53B-49EC-85BD-928082238832}"
	ProjectSection(SolutionItems) = preProject
		gruntfile.js = gruntfile.js
	EndProjectSection
EndProject
Global
	GlobalSection(SolutionConfigurationPlatforms) = preSolution
		Debug|Any CPU = Debug|Any CPU
		Release|Any CPU = Release|Any CPU
	EndGlobalSection
	GlobalSection(ProjectConfigurationPlatforms) = postSolution
		{D94629C9-B040-4288-B2D8-76AB420552FC}.Debug|Any CPU.ActiveCfg = Debug|Any CPU
		{D94629C9-B040-4288-B2D8-76AB420552FC}.Debug|Any CPU.Build.0 = Debug|Any CPU
		{D94629C9-B040-4288-B2D8-76AB420552FC}.Release|Any CPU.ActiveCfg = Release|Any CPU
		{D94629C9-B040-4288-B2D8-76AB420552FC}.Release|Any CPU.Build.0 = Release|Any CPU
		{F8A5A9AD-F680-46F4-806F-653E7E51A030}.Debug|Any CPU.ActiveCfg = Debug|Any CPU
		{F8A5A9AD-F680-46F4-806F-653E7E51A030}.Debug|Any CPU.Build.0 = Debug|Any CPU
		{F8A5A9AD-F680-46F4-806F-653E7E51A030}.Release|Any CPU.ActiveCfg = Release|Any CPU
		{F8A5A9AD-F680-46F4-806F-653E7E51A030}.Release|Any CPU.Build.0 = Release|Any CPU
	EndGlobalSection
	GlobalSection(SolutionProperties) = preSolution
		HideSolutionNode = FALSE
	EndGlobalSection
EndGlobal
